
Microsoft Visual Studio Solution File, Format Version 12.00
# Visual Studio Version 16
VisualStudioVersion = 16.0.31624.102
MinimumVisualStudioVersion = 10.0.40219.1
Project("{FAE04EC0-301F-11D3-BF4B-00C04F79EFBC}") = "LoopExample", "LoopExample\LoopExample.csproj", "{03880A73-0589-4E0C-8060-C0182D8D965C}"
EndProject
Global
	GlobalSection(SolutionConfigurationPlatforms) = preSolution
		Debug|Any CPU = Debug|Any CPU
		Release|Any CPU = Release|Any CPU
	EndGlobalSection
	GlobalSection(ProjectConfigurationPlatforms) = postSolution
		{03880A73-0589-4E0C-8060-C0182D8D965C}.Debug|Any CPU.ActiveCfg = Debug|Any CPU
		{03880A73-0589-4E0C-8060-C0182D8D965C}.Debug|Any CPU.Build.0 = Debug|Any CPU
		{03880A73-0589-4E0C-8060-C0182D8D965C}.Release|Any CPU.ActiveCfg = Release|Any CPU
		{03880A73-0589-4E0C-8060-C0182D8D965C}.Release|Any CPU.Build.0 = Release|Any CPU
	EndGlobalSection
	GlobalSection(SolutionProperties) = preSolution
		HideSolutionNode = FALSE
	EndGlobalSection
	GlobalSection(ExtensibilityGlobals) = postSolution
		SolutionGuid = {60E0ED3B-AF96-4B05-B825-31ABB30958D5}
	EndGlobalSection
EndGlobal
